
Microsoft Visual Studio Solution File, Format Version 12.00
# Visual Studio 15
Project("{FAE04EC0-301F-11D3-BF4B-00C04F79EFBC}") = "LearnShaderProject", "LearnShaderProject.csproj", "{84A1275E-7D79-5CD2-A2E6-3349D2194C1C}"
EndProject
Project("{FAE04EC0-301F-11D3-BF4B-00C04F79EFBC}") = "LearnShaderProject.Editor", "LearnShaderProject.Editor.csproj", "{284ACD39-E196-961F-0187-7901BC34546A}"
EndProject
Global
	GlobalSection(SolutionConfigurationPlatforms) = preSolution
		Debug|Any CPU = Debug|Any CPU
		Release|Any CPU = Release|Any CPU
	EndGlobalSection
	GlobalSection(ProjectConfigurationPlatforms) = postSolution
		{84A1275E-7D79-5CD2-A2E6-3349D2194C1C}.Debug|Any CPU.ActiveCfg = Debug|Any CPU
		{84A1275E-7D79-5CD2-A2E6-3349D2194C1C}.Debug|Any CPU.Build.0 = Debug|Any CPU
		{84A1275E-7D79-5CD2-A2E6-3349D2194C1C}.Release|Any CPU.ActiveCfg = Release|Any CPU
		{84A1275E-7D79-5CD2-A2E6-3349D2194C1C}.Release|Any CPU.Build.0 = Release|Any CPU
		{284ACD39-E196-961F-0187-7901BC34546A}.Debug|Any CPU.ActiveCfg = Debug|Any CPU
		{284ACD39-E196-961F-0187-7901BC34546A}.Debug|Any CPU.Build.0 = Debug|Any CPU
		{284ACD39-E196-961F-0187-7901BC34546A}.Release|Any CPU.ActiveCfg = Release|Any CPU
		{284ACD39-E196-961F-0187-7901BC34546A}.Release|Any CPU.Build.0 = Release|Any CPU
	EndGlobalSection
	GlobalSection(SolutionProperties) = preSolution
		HideSolutionNode = FALSE
	EndGlobalSection
EndGlobal
